
Microsoft Visual Studio Solution File, Format Version 12.00
# Visual Studio Version 17
VisualStudioVersion = 17.11.35312.102
MinimumVisualStudioVersion = 10.0.40219.1
Project("{FAE04EC0-301F-11D3-BF4B-00C04F79EFBC}") = "KoiProject", "KoiProject\KoiProject.csproj", "{FB512B94-3F50-47A5-A9F4-27D4E6DD01F4}"
EndProject
Global
	GlobalSection(SolutionConfigurationPlatforms) = preSolution
		Debug|Any CPU = Debug|Any CPU
		Release|Any CPU = Release|Any CPU
	EndGlobalSection
	GlobalSection(ProjectConfigurationPlatforms) = postSolution
		{FB512B94-3F50-47A5-A9F4-27D4E6DD01F4}.Debug|Any CPU.ActiveCfg = Debug|Any CPU
		{FB512B94-3F50-47A5-A9F4-27D4E6DD01F4}.Debug|Any CPU.Build.0 = Debug|Any CPU
		{FB512B94-3F50-47A5-A9F4-27D4E6DD01F4}.Release|Any CPU.ActiveCfg = Release|Any CPU
		{FB512B94-3F50-47A5-A9F4-27D4E6DD01F4}.Release|Any CPU.Build.0 = Release|Any CPU
	EndGlobalSection
	GlobalSection(SolutionProperties) = preSolution
		HideSolutionNode = FALSE
	EndGlobalSection
	GlobalSection(ExtensibilityGlobals) = postSolution
		SolutionGuid = {D26C9205-BEBD-4AF7-94D5-1D3E5555DBF9}
	EndGlobalSection
EndGlobal
